{
  "name": "cosa-control-plane",
  "version": "1.0.0",
  "lockfileVersion": 3,
  "requires": true,
  "packages": {
    "": {
      "name": "cosa-control-plane",
      "version": "1.0.0",
      "dependencies": {
        "encore.dev": "^1.58.2"
      }
    },
    "node_modules/encore.dev": {
      "version": "1.58.2",
      "resolved": "https://registry.npmjs.org/encore.dev/-/encore.dev-1.58.2.tgz",
      "integrity": "sha512-SL6HoB+pUeF09iGPfnEOxwBkKvwxeohc3xAzhmoA8Trdeqo/uqAnjIA/df8ShFCzQktj6ALu1qOjNUcWkuwruA==",
      "license": "MPL-2.0",
      "engines": {
        "node": ">=18.0.0"
      }
    }
  }
}
